
Microsoft Visual Studio Solution File, Format Version 12.00
# Visual Studio 15
VisualStudioVersion = 15.0.26228.4
MinimumVisualStudioVersion = 10.0.40219.1
Project("{FAE04EC0-301F-11D3-BF4B-00C04F79EFBC}") = "HappyMeter.ConsoleTest", "HappyMeter.ConsoleTest\HappyMeter.ConsoleTest.csproj", "{79F6F065-B87A-4A41-ADC8-8039090B5078}"
EndProject
Project("{FAE04EC0-301F-11D3-BF4B-00C04F79EFBC}") = "HappyMeter.CognitiveServiceProxy", "HappyMeter.CognitiveServiceProxy\HappyMeter.CognitiveServiceProxy.csproj", "{1933EB75-88F7-4B1D-A005-63AFD857B6B6}"
EndProject
Project("{9A19103F-16F7-4668-BE54-9A1E7A4F7556}") = "HappyMeter.WebApi", "HappyMeter.WebApi\HappyMeter.WebApi.csproj", "{B6D93117-A48B-42BF-8215-DDCC82B9038A}"
EndProject
Project("{9A19103F-16F7-4668-BE54-9A1E7A4F7556}") = "HappyMeter.Web", "HappyMeter.Web\HappyMeter.Web.csproj", "{07EEDDE5-E600-4762-ACBF-7538E10A48E3}"
EndProject
Project("{FAE04EC0-301F-11D3-BF4B-00C04F79EFBC}") = "HappyMeter.Services", "HappyMeter.Services\HappyMeter.Services.csproj", "{A7B4B36D-09FB-4252-A544-1DBD43FEFC6A}"
EndProject
Project("{FAE04EC0-301F-11D3-BF4B-00C04F79EFBC}") = "HappyMeter.Models", "HappyMeter.Models\HappyMeter.Models.csproj", "{5A36FD35-1712-48A3-A05C-30BE247E3713}"
EndProject
Global
	GlobalSection(SolutionConfigurationPlatforms) = preSolution
		Debug|Android = Debug|Android
		Debug|Any CPU = Debug|Any CPU
		Debug|iOS = Debug|iOS
		Debug|Windows-ARM = Debug|Windows-ARM
		Debug|Windows-x64 = Debug|Windows-x64
		Debug|Windows-x86 = Debug|Windows-x86
		Debug|x64 = Debug|x64
		Debug|x86 = Debug|x86
		Release|Android = Release|Android
		Release|Any CPU = Release|Any CPU
		Release|iOS = Release|iOS
		Release|Windows-ARM = Release|Windows-ARM
		Release|Windows-x64 = Release|Windows-x64
		Release|Windows-x86 = Release|Windows-x86
		Release|x64 = Release|x64
		Release|x86 = Release|x86
	EndGlobalSection
	GlobalSection(ProjectConfigurationPlatforms) = postSolution
		{79F6F065-B87A-4A41-ADC8-8039090B5078}.Debug|Android.ActiveCfg = Debug|Any CPU
		{79F6F065-B87A-4A41-ADC8-8039090B5078}.Debug|Android.Build.0 = Debug|Any CPU
		{79F6F065-B87A-4A41-ADC8-8039090B5078}.Debug|Any CPU.ActiveCfg = Debug|Any CPU
		{79F6F065-B87A-4A41-ADC8-8039090B5078}.Debug|Any CPU.Build.0 = Debug|Any CPU
		{79F6F065-B87A-4A41-ADC8-8039090B5078}.Debug|iOS.ActiveCfg = Debug|Any CPU
		{79F6F065-B87A-4A41-ADC8-8039090B5078}.Debug|iOS.Build.0 = Debug|Any CPU
		{79F6F065-B87A-4A41-ADC8-8039090B5078}.Debug|Windows-ARM.ActiveCfg = Debug|Any CPU
		{79F6F065-B87A-4A41-ADC8-8039090B5078}.Debug|Windows-ARM.Build.0 = Debug|Any CPU
		{79F6F065-B87A-4A41-ADC8-8039090B5078}.Debug|Windows-x64.ActiveCfg = Debug|Any CPU
		{79F6F065-B87A-4A41-ADC8-8039090B5078}.Debug|Windows-x64.Build.0 = Debug|Any CPU
		{79F6F065-B87A-4A41-ADC8-8039090B5078}.Debug|Windows-x86.ActiveCfg = Debug|Any CPU
		{79F6F065-B87A-4A41-ADC8-8039090B5078}.Debug|Windows-x86.Build.0 = Debug|Any CPU
		{79F6F065-B87A-4A41-ADC8-8039090B5078}.Debug|x64.ActiveCfg = Debug|Any CPU
		{79F6F065-B87A-4A41-ADC8-8039090B5078}.Debug|x64.Build.0 = Debug|Any CPU
		{79F6F065-B87A-4A41-ADC8-8039090B5078}.Debug|x86.ActiveCfg = Debug|Any CPU
		{79F6F065-B87A-4A41-ADC8-8039090B5078}.Debug|x86.Build.0 = Debug|Any CPU
		{79F6F065-B87A-4A41-ADC8-8039090B5078}.Release|Android.ActiveCfg = Release|Any CPU
		{79F6F065-B87A-4A41-ADC8-8039090B5078}.Release|Android.Build.0 = Release|Any CPU
		{79F6F065-B87A-4A41-ADC8-8039090B5078}.Release|Any CPU.ActiveCfg = Release|Any CPU
		{79F6F065-B87A-4A41-ADC8-8039090B5078}.Release|Any CPU.Build.0 = Release|Any CPU
		{79F6F065-B87A-4A41-ADC8-8039090B5078}.Release|iOS.ActiveCfg = Release|Any CPU
		{79F6F065-B87A-4A41-ADC8-8039090B5078}.Release|iOS.Build.0 = Release|Any CPU
		{79F6F065-B87A-4A41-ADC8-8039090B5078}.Release|Windows-ARM.ActiveCfg = Release|Any CPU
		{79F6F065-B87A-4A41-ADC8-8039090B5078}.Release|Windows-ARM.Build.0 = Release|Any CPU
		{79F6F065-B87A-4A41-ADC8-8039090B5078}.Release|Windows-x64.ActiveCfg = Release|Any CPU
		{79F6F065-B87A-4A41-ADC8-8039090B5078}.Release|Windows-x64.Build.0 = Release|Any CPU
		{79F6F065-B87A-4A41-ADC8-8039090B5078}.Release|Windows-x86.ActiveCfg = Release|Any CPU
		{79F6F065-B87A-4A41-ADC8-8039090B5078}.Release|Windows-x86.Build.0 = Release|Any CPU
		{79F6F065-B87A-4A41-ADC8-8039090B5078}.Release|x64.ActiveCfg = Release|Any CPU
		{79F6F065-B87A-4A41-ADC8-8039090B5078}.Release|x64.Build.0 = Release|Any CPU
		{79F6F065-B87A-4A41-ADC8-8039090B5078}.Release|x86.ActiveCfg = Release|Any CPU
		{79F6F065-B87A-4A41-ADC8-8039090B5078}.Release|x86.Build.0 = Release|Any CPU
		{1933EB75-88F7-4B1D-A005-63AFD857B6B6}.Debug|Android.ActiveCfg = Debug|Any CPU
		{1933EB75-88F7-4B1D-A005-63AFD857B6B6}.Debug|Android.Build.0 = Debug|Any CPU
		{1933EB75-88F7-4B1D-A005-63AFD857B6B6}.Debug|Any CPU.ActiveCfg = Debug|Any CPU
		{1933EB75-88F7-4B1D-A005-63AFD857B6B6}.Debug|Any CPU.Build.0 = Debug|Any CPU
		{1933EB75-88F7-4B1D-A005-63AFD857B6B6}.Debug|iOS.ActiveCfg = Debug|Any CPU
		{1933EB75-88F7-4B1D-A005-63AFD857B6B6}.Debug|iOS.Build.0 = Debug|Any CPU
		{1933EB75-88F7-4B1D-A005-63AFD857B6B6}.Debug|Windows-ARM.ActiveCfg = Debug|Any CPU
		{1933EB75-88F7-4B1D-A005-63AFD857B6B6}.Debug|Windows-ARM.Build.0 = Debug|Any CPU
		{1933EB75-88F7-4B1D-A005-63AFD857B6B6}.Debug|Windows-x64.ActiveCfg = Debug|Any CPU
		{1933EB75-88F7-4B1D-A005-63AFD857B6B6}.Debug|Windows-x64.Build.0 = Debug|Any CPU
		{1933EB75-88F7-4B1D-A005-63AFD857B6B6}.Debug|Windows-x86.ActiveCfg = Debug|Any CPU
		{1933EB75-88F7-4B1D-A005-63AFD857B6B6}.Debug|Windows-x86.Build.0 = Debug|Any CPU
		{1933EB75-88F7-4B1D-A005-63AFD857B6B6}.Debug|x64.ActiveCfg = Debug|Any CPU
		{1933EB75-88F7-4B1D-A005-63AFD857B6B6}.Debug|x64.Build.0 = Debug|Any CPU
		{1933EB75-88F7-4B1D-A005-63AFD857B6B6}.Debug|x86.ActiveCfg = Debug|Any CPU
		{1933EB75-88F7-4B1D-A005-63AFD857B6B6}.Debug|x86.Build.0 = Debug|Any CPU
		{1933EB75-88F7-4B1D-A005-63AFD857B6B6}.Release|Android.ActiveCfg = Release|Any CPU
		{1933EB75-88F7-4B1D-A005-63AFD857B6B6}.Release|Android.Build.0 = Release|Any CPU
		{1933EB75-88F7-4B1D-A005-63AFD857B6B6}.Release|Any CPU.ActiveCfg = Release|Any CPU
		{1933EB75-88F7-4B1D-A005-63AFD857B6B6}.Release|Any CPU.Build.0 = Release|Any CPU
		{1933EB75-88F7-4B1D-A005-63AFD857B6B6}.Release|iOS.ActiveCfg = Release|Any CPU
		{1933EB75-88F7-4B1D-A005-63AFD857B6B6}.Release|iOS.Build.0 = Release|Any CPU
		{1933EB75-88F7-4B1D-A005-63AFD857B6B6}.Release|Windows-ARM.ActiveCfg = Release|Any CPU
		{1933EB75-88F7-4B1D-A005-63AFD857B6B6}.Release|Windows-ARM.Build.0 = Release|Any CPU
		{1933EB75-88F7-4B1D-A005-63AFD857B6B6}.Release|Windows-x64.ActiveCfg = Release|Any CPU
		{1933EB75-88F7-4B1D-A005-63AFD857B6B6}.Release|Windows-x64.Build.0 = Release|Any CPU
		{1933EB75-88F7-4B1D-A005-63AFD857B6B6}.Release|Windows-x86.ActiveCfg = Release|Any CPU
		{1933EB75-88F7-4B1D-A005-63AFD857B6B6}.Release|Windows-x86.Build.0 = Release|Any CPU
		{1933EB75-88F7-4B1D-A005-63AFD857B6B6}.Release|x64.ActiveCfg = Release|Any CPU
		{1933EB75-88F7-4B1D-A005-63AFD857B6B6}.Release|x64.Build.0 = Release|Any CPU
		{1933EB75-88F7-4B1D-A005-63AFD857B6B6}.Release|x86.ActiveCfg = Release|Any CPU
		{1933EB75-88F7-4B1D-A005-63AFD857B6B6}.Release|x86.Build.0 = Release|Any CPU
		{B6D93117-A48B-42BF-8215-DDCC82B9038A}.Debug|Android.ActiveCfg = Debug|Any CPU
		{B6D93117-A48B-42BF-8215-DDCC82B9038A}.Debug|Android.Build.0 = Debug|Any CPU
		{B6D93117-A48B-42BF-8215-DDCC82B9038A}.Debug|Any CPU.ActiveCfg = Debug|Any CPU
		{B6D93117-A48B-42BF-8215-DDCC82B9038A}.Debug|Any CPU.Build.0 = Debug|Any CPU
		{B6D93117-A48B-42BF-8215-DDCC82B9038A}.Debug|iOS.ActiveCfg = Debug|Any CPU
		{B6D93117-A48B-42BF-8215-DDCC82B9038A}.Debug|iOS.Build.0 = Debug|Any CPU
		{B6D93117-A48B-42BF-8215-DDCC82B9038A}.Debug|Windows-ARM.ActiveCfg = Debug|Any CPU
		{B6D93117-A48B-42BF-8215-DDCC82B9038A}.Debug|Windows-ARM.Build.0 = Debug|Any CPU
		{B6D93117-A48B-42BF-8215-DDCC82B9038A}.Debug|Windows-x64.ActiveCfg = Debug|Any CPU
		{B6D93117-A48B-42BF-8215-DDCC82B9038A}.Debug|Windows-x64.Build.0 = Debug|Any CPU
		{B6D93117-A48B-42BF-8215-DDCC82B9038A}.Debug|Windows-x86.ActiveCfg = Debug|Any CPU
		{B6D93117-A48B-42BF-8215-DDCC82B9038A}.Debug|Windows-x86.Build.0 = Debug|Any CPU
		{B6D93117-A48B-42BF-8215-DDCC82B9038A}.Debug|x64.ActiveCfg = Debug|Any CPU
		{B6D93117-A48B-42BF-8215-DDCC82B9038A}.Debug|x64.Build.0 = Debug|Any CPU
		{B6D93117-A48B-42BF-8215-DDCC82B9038A}.Debug|x86.ActiveCfg = Debug|Any CPU
		{B6D93117-A48B-42BF-8215-DDCC82B9038A}.Debug|x86.Build.0 = Debug|Any CPU
		{B6D93117-A48B-42BF-8215-DDCC82B9038A}.Release|Android.ActiveCfg = Release|Any CPU
		{B6D93117-A48B-42BF-8215-DDCC82B9038A}.Release|Android.Build.0 = Release|Any CPU
		{B6D93117-A48B-42BF-8215-DDCC82B9038A}.Release|Any CPU.ActiveCfg = Release|Any CPU
		{B6D93117-A48B-42BF-8215-DDCC82B9038A}.Release|Any CPU.Build.0 = Release|Any CPU
		{B6D93117-A48B-42BF-8215-DDCC82B9038A}.Release|iOS.ActiveCfg = Release|Any CPU
		{B6D93117-A48B-42BF-8215-DDCC82B9038A}.Release|iOS.Build.0 = Release|Any CPU
		{B6D93117-A48B-42BF-8215-DDCC82B9038A}.Release|Windows-ARM.ActiveCfg = Release|Any CPU
		{B6D93117-A48B-42BF-8215-DDCC82B9038A}.Release|Windows-ARM.Build.0 = Release|Any CPU
		{B6D93117-A48B-42BF-8215-DDCC82B9038A}.Release|Windows-x64.ActiveCfg = Release|Any CPU
		{B6D93117-A48B-42BF-8215-DDCC82B9038A}.Release|Windows-x64.Build.0 = Release|Any CPU
		{B6D93117-A48B-42BF-8215-DDCC82B9038A}.Release|Windows-x86.ActiveCfg = Release|Any CPU
		{B6D93117-A48B-42BF-8215-DDCC82B9038A}.Release|Windows-x86.Build.0 = Release|Any CPU
		{B6D93117-A48B-42BF-8215-DDCC82B9038A}.Release|x64.ActiveCfg = Release|Any CPU
		{B6D93117-A48B-42BF-8215-DDCC82B9038A}.Release|x64.Build.0 = Release|Any CPU
		{B6D93117-A48B-42BF-8215-DDCC82B9038A}.Release|x86.ActiveCfg = Release|Any CPU
		{B6D93117-A48B-42BF-8215-DDCC82B9038A}.Release|x86.Build.0 = Release|Any CPU
		{07EEDDE5-E600-4762-ACBF-7538E10A48E3}.Debug|Android.ActiveCfg = Debug|Any CPU
		{07EEDDE5-E600-4762-ACBF-7538E10A48E3}.Debug|Android.Build.0 = Debug|Any CPU
		{07EEDDE5-E600-4762-ACBF-7538E10A48E3}.Debug|Any CPU.ActiveCfg = Debug|Any CPU
		{07EEDDE5-E600-4762-ACBF-7538E10A48E3}.Debug|Any CPU.Build.0 = Debug|Any CPU
		{07EEDDE5-E600-4762-ACBF-7538E10A48E3}.Debug|iOS.ActiveCfg = Debug|Any CPU
		{07EEDDE5-E600-4762-ACBF-7538E10A48E3}.Debug|iOS.Build.0 = Debug|Any CPU
		{07EEDDE5-E600-4762-ACBF-7538E10A48E3}.Debug|Windows-ARM.ActiveCfg = Debug|Any CPU
		{07EEDDE5-E600-4762-ACBF-7538E10A48E3}.Debug|Windows-ARM.Build.0 = Debug|Any CPU
		{07EEDDE5-E600-4762-ACBF-7538E10A48E3}.Debug|Windows-x64.ActiveCfg = Debug|Any CPU
		{07EEDDE5-E600-4762-ACBF-7538E10A48E3}.Debug|Windows-x64.Build.0 = Debug|Any CPU
		{07EEDDE5-E600-4762-ACBF-7538E10A48E3}.Debug|Windows-x86.ActiveCfg = Debug|Any CPU
		{07EEDDE5-E600-4762-ACBF-7538E10A48E3}.Debug|Windows-x86.Build.0 = Debug|Any CPU
		{07EEDDE5-E600-4762-ACBF-7538E10A48E3}.Debug|x64.ActiveCfg = Debug|Any CPU
		{07EEDDE5-E600-4762-ACBF-7538E10A48E3}.Debug|x64.Build.0 = Debug|Any CPU
		{07EEDDE5-E600-4762-ACBF-7538E10A48E3}.Debug|x86.ActiveCfg = Debug|Any CPU
		{07EEDDE5-E600-4762-ACBF-7538E10A48E3}.Debug|x86.Build.0 = Debug|Any CPU
		{07EEDDE5-E600-4762-ACBF-7538E10A48E3}.Release|Android.ActiveCfg = Release|Any CPU
		{07EEDDE5-E600-4762-ACBF-7538E10A48E3}.Release|Android.Build.0 = Release|Any CPU
		{07EEDDE5-E600-4762-ACBF-7538E10A48E3}.Release|Any CPU.ActiveCfg = Release|Any CPU
		{07EEDDE5-E600-4762-ACBF-7538E10A48E3}.Release|Any CPU.Build.0 = Release|Any CPU
		{07EEDDE5-E600-4762-ACBF-7538E10A48E3}.Release|iOS.ActiveCfg = Release|Any CPU
		{07EEDDE5-E600-4762-ACBF-7538E10A48E3}.Release|iOS.Build.0 = Release|Any CPU
		{07EEDDE5-E600-4762-ACBF-7538E10A48E3}.Release|Windows-ARM.ActiveCfg = Release|Any CPU
		{07EEDDE5-E600-4762-ACBF-7538E10A48E3}.Release|Windows-ARM.Build.0 = Release|Any CPU
		{07EEDDE5-E600-4762-ACBF-7538E10A48E3}.Release|Windows-x64.ActiveCfg = Release|Any CPU
		{07EEDDE5-E600-4762-ACBF-7538E10A48E3}.Release|Windows-x64.Build.0 = Release|Any CPU
		{07EEDDE5-E600-4762-ACBF-7538E10A48E3}.Release|Windows-x86.ActiveCfg = Release|Any CPU
		{07EEDDE5-E600-4762-ACBF-7538E10A48E3}.Release|Windows-x86.Build.0 = Release|Any CPU
		{07EEDDE5-E600-4762-ACBF-7538E10A48E3}.Release|x64.ActiveCfg = Release|Any CPU
		{07EEDDE5-E600-4762-ACBF-7538E10A48E3}.Release|x64.Build.0 = Release|Any CPU
		{07EEDDE5-E600-4762-ACBF-7538E10A48E3}.Release|x86.ActiveCfg = Release|Any CPU
		{07EEDDE5-E600-4762-ACBF-7538E10A48E3}.Release|x86.Build.0 = Release|Any CPU
		{A7B4B36D-09FB-4252-A544-1DBD43FEFC6A}.Debug|Android.ActiveCfg = Debug|Any CPU
		{A7B4B36D-09FB-4252-A544-1DBD43FEFC6A}.Debug|Android.Build.0 = Debug|Any CPU
		{A7B4B36D-09FB-4252-A544-1DBD43FEFC6A}.Debug|Any CPU.ActiveCfg = Debug|Any CPU
		{A7B4B36D-09FB-4252-A544-1DBD43FEFC6A}.Debug|Any CPU.Build.0 = Debug|Any CPU
		{A7B4B36D-09FB-4252-A544-1DBD43FEFC6A}.Debug|iOS.ActiveCfg = Debug|Any CPU
		{A7B4B36D-09FB-4252-A544-1DBD43FEFC6A}.Debug|iOS.Build.0 = Debug|Any CPU
		{A7B4B36D-09FB-4252-A544-1DBD43FEFC6A}.Debug|Windows-ARM.ActiveCfg = Debug|Any CPU
		{A7B4B36D-09FB-4252-A544-1DBD43FEFC6A}.Debug|Windows-ARM.Build.0 = Debug|Any CPU
		{A7B4B36D-09FB-4252-A544-1DBD43FEFC6A}.Debug|Windows-x64.ActiveCfg = Debug|Any CPU
		{A7B4B36D-09FB-4252-A544-1DBD43FEFC6A}.Debug|Windows-x64.Build.0 = Debug|Any CPU
		{A7B4B36D-09FB-4252-A544-1DBD43FEFC6A}.Debug|Windows-x86.ActiveCfg = Debug|Any CPU
		{A7B4B36D-09FB-4252-A544-1DBD43FEFC6A}.Debug|Windows-x86.Build.0 = Debug|Any CPU
		{A7B4B36D-09FB-4252-A544-1DBD43FEFC6A}.Debug|x64.ActiveCfg = Debug|Any CPU
		{A7B4B36D-09FB-4252-A544-1DBD43FEFC6A}.Debug|x64.Build.0 = Debug|Any CPU
		{A7B4B36D-09FB-4252-A544-1DBD43FEFC6A}.Debug|x86.ActiveCfg = Debug|Any CPU
		{A7B4B36D-09FB-4252-A544-1DBD43FEFC6A}.Debug|x86.Build.0 = Debug|Any CPU
		{A7B4B36D-09FB-4252-A544-1DBD43FEFC6A}.Release|Android.ActiveCfg = Release|Any CPU
		{A7B4B36D-09FB-4252-A544-1DBD43FEFC6A}.Release|Android.Build.0 = Release|Any CPU
		{A7B4B36D-09FB-4252-A544-1DBD43FEFC6A}.Release|Any CPU.ActiveCfg = Release|Any CPU
		{A7B4B36D-09FB-4252-A544-1DBD43FEFC6A}.Release|Any CPU.Build.0 = Release|Any CPU
		{A7B4B36D-09FB-4252-A544-1DBD43FEFC6A}.Release|iOS.ActiveCfg = Release|Any CPU
		{A7B4B36D-09FB-4252-A544-1DBD43FEFC6A}.Release|iOS.Build.0 = Release|Any CPU
		{A7B4B36D-09FB-4252-A544-1DBD43FEFC6A}.Release|Windows-ARM.ActiveCfg = Release|Any CPU
		{A7B4B36D-09FB-4252-A544-1DBD43FEFC6A}.Release|Windows-ARM.Build.0 = Release|Any CPU
		{A7B4B36D-09FB-4252-A544-1DBD43FEFC6A}.Release|Windows-x64.ActiveCfg = Release|Any CPU
		{A7B4B36D-09FB-4252-A544-1DBD43FEFC6A}.Release|Windows-x64.Build.0 = Release|Any CPU
		{A7B4B36D-09FB-4252-A544-1DBD43FEFC6A}.Release|Windows-x86.ActiveCfg = Release|Any CPU
		{A7B4B36D-09FB-4252-A544-1DBD43FEFC6A}.Release|Windows-x86.Build.0 = Release|Any CPU
		{A7B4B36D-09FB-4252-A544-1DBD43FEFC6A}.Release|x64.ActiveCfg = Release|Any CPU
		{A7B4B36D-09FB-4252-A544-1DBD43FEFC6A}.Release|x64.Build.0 = Release|Any CPU
		{A7B4B36D-09FB-4252-A544-1DBD43FEFC6A}.Release|x86.ActiveCfg = Release|Any CPU
		{A7B4B36D-09FB-4252-A544-1DBD43FEFC6A}.Release|x86.Build.0 = Release|Any CPU
		{5A36FD35-1712-48A3-A05C-30BE247E3713}.Debug|Android.ActiveCfg = Debug|Any CPU
		{5A36FD35-1712-48A3-A05C-30BE247E3713}.Debug|Android.Build.0 = Debug|Any CPU
		{5A36FD35-1712-48A3-A05C-30BE247E3713}.Debug|Any CPU.ActiveCfg = Debug|Any CPU
		{5A36FD35-1712-48A3-A05C-30BE247E3713}.Debug|Any CPU.Build.0 = Debug|Any CPU
		{5A36FD35-1712-48A3-A05C-30BE247E3713}.Debug|iOS.ActiveCfg = Debug|Any CPU
		{5A36FD35-1712-48A3-A05C-30BE247E3713}.Debug|iOS.Build.0 = Debug|Any CPU
		{5A36FD35-1712-48A3-A05C-30BE247E3713}.Debug|Windows-ARM.ActiveCfg = Debug|Any CPU
		{5A36FD35-1712-48A3-A05C-30BE247E3713}.Debug|Windows-ARM.Build.0 = Debug|Any CPU
		{5A36FD35-1712-48A3-A05C-30BE247E3713}.Debug|Windows-x64.ActiveCfg = Debug|Any CPU
		{5A36FD35-1712-48A3-A05C-30BE247E3713}.Debug|Windows-x64.Build.0 = Debug|Any CPU
		{5A36FD35-1712-48A3-A05C-30BE247E3713}.Debug|Windows-x86.ActiveCfg = Debug|Any CPU
		{5A36FD35-1712-48A3-A05C-30BE247E3713}.Debug|Windows-x86.Build.0 = Debug|Any CPU
		{5A36FD35-1712-48A3-A05C-30BE247E3713}.Debug|x64.ActiveCfg = Debug|Any CPU
		{5A36FD35-1712-48A3-A05C-30BE247E3713}.Debug|x64.Build.0 = Debug|Any CPU
		{5A36FD35-1712-48A3-A05C-30BE247E3713}.Debug|x86.ActiveCfg = Debug|Any CPU
		{5A36FD35-1712-48A3-A05C-30BE247E3713}.Debug|x86.Build.0 = Debug|Any CPU
		{5A36FD35-1712-48A3-A05C-30BE247E3713}.Release|Android.ActiveCfg = Release|Any CPU
		{5A36FD35-1712-48A3-A05C-30BE247E3713}.Release|Android.Build.0 = Release|Any CPU
		{5A36FD35-1712-48A3-A05C-30BE247E3713}.Release|Any CPU.ActiveCfg = Release|Any CPU
		{5A36FD35-1712-48A3-A05C-30BE247E3713}.Release|Any CPU.Build.0 = Release|Any CPU
		{5A36FD35-1712-48A3-A05C-30BE247E3713}.Release|iOS.ActiveCfg = Release|Any CPU
		{5A36FD35-1712-48A3-A05C-30BE247E3713}.Release|iOS.Build.0 = Release|Any CPU
		{5A36FD35-1712-48A3-A05C-30BE247E3713}.Release|Windows-ARM.ActiveCfg = Release|Any CPU
		{5A36FD35-1712-48A3-A05C-30BE247E3713}.Release|Windows-ARM.Build.0 = Release|Any CPU
		{5A36FD35-1712-48A3-A05C-30BE247E3713}.Release|Windows-x64.ActiveCfg = Release|Any CPU
		{5A36FD35-1712-48A3-A05C-30BE247E3713}.Release|Windows-x64.Build.0 = Release|Any CPU
		{5A36FD35-1712-48A3-A05C-30BE247E3713}.Release|Windows-x86.ActiveCfg = Release|Any CPU
		{5A36FD35-1712-48A3-A05C-30BE247E3713}.Release|Windows-x86.Build.0 = Release|Any CPU
		{5A36FD35-1712-48A3-A05C-30BE247E3713}.Release|x64.ActiveCfg = Release|Any CPU
		{5A36FD35-1712-48A3-A05C-30BE247E3713}.Release|x64.Build.0 = Release|Any CPU
		{5A36FD35-1712-48A3-A05C-30BE247E3713}.Release|x86.ActiveCfg = Release|Any CPU
		{5A36FD35-1712-48A3-A05C-30BE247E3713}.Release|x86.Build.0 = Release|Any CPU
	EndGlobalSection
	GlobalSection(SolutionProperties) = preSolution
		HideSolutionNode = FALSE
	EndGlobalSection
EndGlobal
